// !$*UTF8*$!
{
	archiveVersion = 1;
	classes = {
	};
	objectVersion = 56;
	objects = {

/* Begin PBXBuildFile section */
		AF561BE729AFE4BE000EF400 /* AppDelegate.swift in Sources */ = {isa = PBXBuildFile; fileRef = AF561BE629AFE4BE000EF400 /* AppDelegate.swift */; };
		AF561BE929AFE4BE000EF400 /* SceneDelegate.swift in Sources */ = {isa = PBXBuildFile; fileRef = AF561BE829AFE4BE000EF400 /* SceneDelegate.swift */; };
		AF561BEE29AFE4BE000EF400 /* Main.storyboard in Resources */ = {isa = PBXBuildFile; fileRef = AF561BEC29AFE4BE000EF400 /* Main.storyboard */; };
		AF561BF029AFE4BF000EF400 /* Assets.xcassets in Resources */ = {isa = PBXBuildFile; fileRef = AF561BEF29AFE4BF000EF400 /* Assets.xcassets */; };
		AF561BF329AFE4BF000EF400 /* LaunchScreen.storyboard in Resources */ = {isa = PBXBuildFile; fileRef = AF561BF129AFE4BF000EF400 /* LaunchScreen.storyboard */; };
		AF561BFD29AFEEC1000EF400 /* UserDetails.swift in Sources */ = {isa = PBXBuildFile; fileRef = AF561BFC29AFEEC1000EF400 /* UserDetails.swift */; };
		AF561C0029AFF633000EF400 /* ChessService.swift in Sources */ = {isa = PBXBuildFile; fileRef = AF561BFF29AFF633000EF400 /* ChessService.swift */; };
		AF561C0629AFF6E0000EF400 /* NetworkError.swift in Sources */ = {isa = PBXBuildFile; fileRef = AF561C0529AFF6E0000EF400 /* NetworkError.swift */; };
		AF561C0829AFF6E6000EF400 /* Constants.swift in Sources */ = {isa = PBXBuildFile; fileRef = AF561C0729AFF6E6000EF400 /* Constants.swift */; };
		AF561C0B29AFFAD2000EF400 /* UserViewController.swift in Sources */ = {isa = PBXBuildFile; fileRef = AF561C0A29AFFAD2000EF400 /* UserViewController.swift */; };
		AF561C1029B00B78000EF400 /* UserStats.swift in Sources */ = {isa = PBXBuildFile; fileRef = AF561C0F29B00B78000EF400 /* UserStats.swift */; };
		AF561C1229B01C98000EF400 /* UserStatsViewController.swift in Sources */ = {isa = PBXBuildFile; fileRef = AF561C1129B01C98000EF400 /* UserStatsViewController.swift */; };
/* End PBXBuildFile section */

/* Begin PBXFileReference section */
		AF561BE329AFE4BE000EF400 /* BYOA-V.2.app */ = {isa = PBXFileReference; explicitFileType = wrapper.application; includeInIndex = 0; path = "BYOA-V.2.app"; sourceTree = BUILT_PRODUCTS_DIR; };
		AF561BE629AFE4BE000EF400 /* AppDelegate.swift */ = {isa = PBXFileReference; lastKnownFileType = sourcecode.swift; path = AppDelegate.swift; sourceTree = "<group>"; };
		AF561BE829AFE4BE000EF400 /* SceneDelegate.swift */ = {isa = PBXFileReference; lastKnownFileType = sourcecode.swift; path = SceneDelegate.swift; sourceTree = "<group>"; };
		AF561BED29AFE4BE000EF400 /* Base */ = {isa = PBXFileReference; lastKnownFileType = file.storyboard; name = Base; path = Base.lproj/Main.storyboard; sourceTree = "<group>"; };
		AF561BEF29AFE4BF000EF400 /* Assets.xcassets */ = {isa = PBXFileReference; lastKnownFileType = folder.assetcatalog; path = Assets.xcassets; sourceTree = "<group>"; };
		AF561BF229AFE4BF000EF400 /* Base */ = {isa = PBXFileReference; lastKnownFileType = file.storyboard; name = Base; path = Base.lproj/LaunchScreen.storyboard; sourceTree = "<group>"; };
		AF561BF429AFE4BF000EF400 /* Info.plist */ = {isa = PBXFileReference; lastKnownFileType = text.plist.xml; path = Info.plist; sourceTree = "<group>"; };
		AF561BFC29AFEEC1000EF400 /* UserDetails.swift */ = {isa = PBXFileReference; lastKnownFileType = sourcecode.swift; path = UserDetails.swift; sourceTree = "<group>"; };
		AF561BFF29AFF633000EF400 /* ChessService.swift */ = {isa = PBXFileReference; lastKnownFileType = sourcecode.swift; path = ChessService.swift; sourceTree = "<group>"; };
		AF561C0529AFF6E0000EF400 /* NetworkError.swift */ = {isa = PBXFileReference; lastKnownFileType = sourcecode.swift; path = NetworkError.swift; sourceTree = "<group>"; };
		AF561C0729AFF6E6000EF400 /* Constants.swift */ = {isa = PBXFileReference; lastKnownFileType = sourcecode.swift; path = Constants.swift; sourceTree = "<group>"; };
		AF561C0A29AFFAD2000EF400 /* UserViewController.swift */ = {isa = PBXFileReference; lastKnownFileType = sourcecode.swift; path = UserViewController.swift; sourceTree = "<group>"; };
		AF561C0F29B00B78000EF400 /* UserStats.swift */ = {isa = PBXFileReference; lastKnownFileType = sourcecode.swift; path = UserStats.swift; sourceTree = "<group>"; };
		AF561C1129B01C98000EF400 /* UserStatsViewController.swift */ = {isa = PBXFileReference; lastKnownFileType = sourcecode.swift; path = UserStatsViewController.swift; sourceTree = "<group>"; };
/* End PBXFileReference section */

/* Begin PBXFrameworksBuildPhase section */
		AF561BE029AFE4BE000EF400 /* Frameworks */ = {
			isa = PBXFrameworksBuildPhase;
			buildActionMask = 2147483647;
			files = (
			);
			runOnlyForDeploymentPostprocessing = 0;
		};
/* End PBXFrameworksBuildPhase section */

/* Begin PBXGroup section */
		AF561BDA29AFE4BE000EF400 = {
			isa = PBXGroup;
			children = (
				AF561BE529AFE4BE000EF400 /* BYOA-V.2 */,
				AF561BE429AFE4BE000EF400 /* Products */,
			);
			sourceTree = "<group>";
		};
		AF561BE429AFE4BE000EF400 /* Products */ = {
			isa = PBXGroup;
			children = (
				AF561BE329AFE4BE000EF400 /* BYOA-V.2.app */,
			);
			name = Products;
			sourceTree = "<group>";
		};
		AF561BE529AFE4BE000EF400 /* BYOA-V.2 */ = {
			isa = PBXGroup;
			children = (
				AF561BFA29AFE4CD000EF400 /* SupportingFiles */,
				AF561BFB29AFE4E9000EF400 /* Storyboard */,
				AF561C0929AFF6E9000EF400 /* Helper && Extensions */,
				AF561C0129AFF635000EF400 /* Controllers */,
				AF561BFE29AFF61D000EF400 /* Models */,
			);
			path = "BYOA-V.2";
			sourceTree = "<group>";
		};
		AF561BFA29AFE4CD000EF400 /* SupportingFiles */ = {
			isa = PBXGroup;
			children = (
				AF561BE629AFE4BE000EF400 /* AppDelegate.swift */,
				AF561BE829AFE4BE000EF400 /* SceneDelegate.swift */,
				AF561BEF29AFE4BF000EF400 /* Assets.xcassets */,
				AF561BF429AFE4BF000EF400 /* Info.plist */,
			);
			path = SupportingFiles;
			sourceTree = "<group>";
		};
		AF561BFB29AFE4E9000EF400 /* Storyboard */ = {
			isa = PBXGroup;
			children = (
				AF561BEC29AFE4BE000EF400 /* Main.storyboard */,
				AF561BF129AFE4BF000EF400 /* LaunchScreen.storyboard */,
			);
			path = Storyboard;
			sourceTree = "<group>";
		};
		AF561BFE29AFF61D000EF400 /* Models */ = {
			isa = PBXGroup;
			children = (
				AF561BFC29AFEEC1000EF400 /* UserDetails.swift */,
				AF561C0F29B00B78000EF400 /* UserStats.swift */,
			);
			path = Models;
			sourceTree = "<group>";
		};
		AF561C0129AFF635000EF400 /* Controllers */ = {
			isa = PBXGroup;
			children = (
				AF561C0229AFF63B000EF400 /* NetworkingController */,
				AF561C0C29AFFAD5000EF400 /* ViewControllers */,
			);
			path = Controllers;
			sourceTree = "<group>";
		};
		AF561C0229AFF63B000EF400 /* NetworkingController */ = {
			isa = PBXGroup;
			children = (
				AF561BFF29AFF633000EF400 /* ChessService.swift */,
			);
			path = NetworkingController;
			sourceTree = "<group>";
		};
		AF561C0929AFF6E9000EF400 /* Helper && Extensions */ = {
			isa = PBXGroup;
			children = (
				AF561C0529AFF6E0000EF400 /* NetworkError.swift */,
				AF561C0729AFF6E6000EF400 /* Constants.swift */,
			);
			path = "Helper && Extensions";
			sourceTree = "<group>";
		};
		AF561C0C29AFFAD5000EF400 /* ViewControllers */ = {
			isa = PBXGroup;
			children = (
				AF561C0A29AFFAD2000EF400 /* UserViewController.swift */,
				AF561C1129B01C98000EF400 /* UserStatsViewController.swift */,
			);
			path = ViewControllers;
			sourceTree = "<group>";
		};
/* End PBXGroup section */

/* Begin PBXNativeTarget section */
		AF561BE229AFE4BE000EF400 /* BYOA-V.2 */ = {
			isa = PBXNativeTarget;
			buildConfigurationList = AF561BF729AFE4BF000EF400 /* Build configuration list for PBXNativeTarget "BYOA-V.2" */;
			buildPhases = (
				AF561BDF29AFE4BE000EF400 /* Sources */,
				AF561BE029AFE4BE000EF400 /* Frameworks */,
				AF561BE129AFE4BE000EF400 /* Resources */,
			);
			buildRules = (
			);
			dependencies = (
			);
			name = "BYOA-V.2";
			productName = "BYOA-V.2";
			productReference = AF561BE329AFE4BE000EF400 /* BYOA-V.2.app */;
			productType = "com.apple.product-type.application";
		};
/* End PBXNativeTarget section */

/* Begin PBXProject section */
		AF561BDB29AFE4BE000EF400 /* Project object */ = {
			isa = PBXProject;
			attributes = {
				BuildIndependentTargetsInParallel = 1;
				LastSwiftUpdateCheck = 1420;
				LastUpgradeCheck = 1420;
				TargetAttributes = {
					AF561BE229AFE4BE000EF400 = {
						CreatedOnToolsVersion = 14.2;
					};
				};
			};
			buildConfigurationList = AF561BDE29AFE4BE000EF400 /* Build configuration list for PBXProject "BYOA-V.2" */;
			compatibilityVersion = "Xcode 14.0";
			developmentRegion = en;
			hasScannedForEncodings = 0;
			knownRegions = (
				en,
				Base,
			);
			mainGroup = AF561BDA29AFE4BE000EF400;
			productRefGroup = AF561BE429AFE4BE000EF400 /* Products */;
			projectDirPath = "";
			projectRoot = "";
			targets = (
				AF561BE229AFE4BE000EF400 /* BYOA-V.2 */,
			);
		};
/* End PBXProject section */

/* Begin PBXResourcesBuildPhase section */
		AF561BE129AFE4BE000EF400 /* Resources */ = {
			isa = PBXResourcesBuildPhase;
			buildActionMask = 2147483647;
			files = (
				AF561BF329AFE4BF000EF400 /* LaunchScreen.storyboard in Resources */,
				AF561BF029AFE4BF000EF400 /* Assets.xcassets in Resources */,
				AF561BEE29AFE4BE000EF400 /* Main.storyboard in Resources */,
			);
			runOnlyForDeploymentPostprocessing = 0;
		};
/* End PBXResourcesBuildPhase section */

/* Begin PBXSourcesBuildPhase section */
		AF561BDF29AFE4BE000EF400 /* Sources */ = {
			isa = PBXSourcesBuildPhase;
			buildActionMask = 2147483647;
			files = (
				AF561C1029B00B78000EF400 /* UserStats.swift in Sources */,
				AF561C0B29AFFAD2000EF400 /* UserViewController.swift in Sources */,
				AF561C1229B01C98000EF400 /* UserStatsViewController.swift in Sources */,
				AF561BE729AFE4BE000EF400 /* AppDelegate.swift in Sources */,
				AF561BE929AFE4BE000EF400 /* SceneDelegate.swift in Sources */,
				AF561C0029AFF633000EF400 /* ChessService.swift in Sources */,
				AF561BFD29AFEEC1000EF400 /* UserDetails.swift in Sources */,
				AF561C0629AFF6E0000EF400 /* NetworkError.swift in Sources */,
				AF561C0829AFF6E6000EF400 /* Constants.swift in Sources */,
			);
			runOnlyForDeploymentPostprocessing = 0;
		};
/* End PBXSourcesBuildPhase section */

/* Begin PBXVariantGroup section */
		AF561BEC29AFE4BE000EF400 /* Main.storyboard */ = {
			isa = PBXVariantGroup;
			children = (
				AF561BED29AFE4BE000EF400 /* Base */,
			);
			name = Main.storyboard;
			sourceTree = "<group>";
		};
		AF561BF129AFE4BF000EF400 /* LaunchScreen.storyboard */ = {
			isa = PBXVariantGroup;
			children = (
				AF561BF229AFE4BF000EF400 /* Base */,
			);
			name = LaunchScreen.storyboard;
			sourceTree = "<group>";
		};
/* End PBXVariantGroup section */

/* Begin XCBuildConfiguration section */
		AF561BF529AFE4BF000EF400 /* Debug */ = {
			isa = XCBuildConfiguration;
			buildSettings = {
				ALWAYS_SEARCH_USER_PATHS = NO;
				CLANG_ANALYZER_NONNULL = YES;
				CLANG_ANALYZER_NUMBER_OBJECT_CONVERSION = YES_AGGRESSIVE;
				CLANG_CXX_LANGUAGE_STANDARD = "gnu++20";
				CLANG_ENABLE_MODULES = YES;
				CLANG_ENABLE_OBJC_ARC = YES;
				CLANG_ENABLE_OBJC_WEAK = YES;
				CLANG_WARN_BLOCK_CAPTURE_AUTORELEASING = YES;
				CLANG_WARN_BOOL_CONVERSION = YES;
				CLANG_WARN_COMMA = YES;
				CLANG_WARN_CONSTANT_CONVERSION = YES;
				CLANG_WARN_DEPRECATED_OBJC_IMPLEMENTATIONS = YES;
				CLANG_WARN_DIRECT_OBJC_ISA_USAGE = YES_ERROR;
				CLANG_WARN_DOCUMENTATION_COMMENTS = YES;
				CLANG_WARN_EMPTY_BODY = YES;
				CLANG_WARN_ENUM_CONVERSION = YES;
				CLANG_WARN_INFINITE_RECURSION = YES;
				CLANG_WARN_INT_CONVERSION = YES;
				CLANG_WARN_NON_LITERAL_NULL_CONVERSION = YES;
				CLANG_WARN_OBJC_IMPLICIT_RETAIN_SELF = YES;
				CLANG_WARN_OBJC_LITERAL_CONVERSION = YES;
				CLANG_WARN_OBJC_ROOT_CLASS = YES_ERROR;
				CLANG_WARN_QUOTED_INCLUDE_IN_FRAMEWORK_HEADER = YES;
				CLANG_WARN_RANGE_LOOP_ANALYSIS = YES;
				CLANG_WARN_STRICT_PROTOTYPES = YES;
				CLANG_WARN_SUSPICIOUS_MOVE = YES;
				CLANG_WARN_UNGUARDED_AVAILABILITY = YES_AGGRESSIVE;
				CLANG_WARN_UNREACHABLE_CODE = YES;
				CLANG_WARN__DUPLICATE_METHOD_MATCH = YES;
				COPY_PHASE_STRIP = NO;
				DEBUG_INFORMATION_FORMAT = dwarf;
				ENABLE_STRICT_OBJC_MSGSEND = YES;
				ENABLE_TESTABILITY = YES;
				GCC_C_LANGUAGE_STANDARD = gnu11;
				GCC_DYNAMIC_NO_PIC = NO;
				GCC_NO_COMMON_BLOCKS = YES;
				GCC_OPTIMIZATION_LEVEL = 0;
				GCC_PREPROCESSOR_DEFINITIONS = (
					"DEBUG=1",
					"$(inherited)",
				);
				GCC_WARN_64_TO_32_BIT_CONVERSION = YES;
				GCC_WARN_ABOUT_RETURN_TYPE = YES_ERROR;
				GCC_WARN_UNDECLARED_SELECTOR = YES;
				GCC_WARN_UNINITIALIZED_AUTOS = YES_AGGRESSIVE;
				GCC_WARN_UNUSED_FUNCTION = YES;
				GCC_WARN_UNUSED_VARIABLE = YES;
				IPHONEOS_DEPLOYMENT_TARGET = 16.2;
				MTL_ENABLE_DEBUG_INFO = INCLUDE_SOURCE;
				MTL_FAST_MATH = YES;
				ONLY_ACTIVE_ARCH = YES;
				SDKROOT = iphoneos;
				SWIFT_ACTIVE_COMPILATION_CONDITIONS = DEBUG;
				SWIFT_OPTIMIZATION_LEVEL = "-Onone";
			};
			name = Debug;
		};
		AF561BF629AFE4BF000EF400 /* Release */ = {
			isa = XCBuildConfiguration;
			buildSettings = {
				ALWAYS_SEARCH_USER_PATHS = NO;
				CLANG_ANALYZER_NONNULL = YES;
				CLANG_ANALYZER_NUMBER_OBJECT_CONVERSION = YES_AGGRESSIVE;
				CLANG_CXX_LANGUAGE_STANDARD = "gnu++20";
				CLANG_ENABLE_MODULES = YES;
				CLANG_ENABLE_OBJC_ARC = YES;
				CLANG_ENABLE_OBJC_WEAK = YES;
				CLANG_WARN_BLOCK_CAPTURE_AUTORELEASING = YES;
				CLANG_WARN_BOOL_CONVERSION = YES;
				CLANG_WARN_COMMA = YES;
				CLANG_WARN_CONSTANT_CONVERSION = YES;
				CLANG_WARN_DEPRECATED_OBJC_IMPLEMENTATIONS = YES;
				CLANG_WARN_DIRECT_OBJC_ISA_USAGE = YES_ERROR;
				CLANG_WARN_DOCUMENTATION_COMMENTS = YES;
				CLANG_WARN_EMPTY_BODY = YES;
				CLANG_WARN_ENUM_CONVERSION = YES;
				CLANG_WARN_INFINITE_RECURSION = YES;
				CLANG_WARN_INT_CONVERSION = YES;
				CLANG_WARN_NON_LITERAL_NULL_CONVERSION = YES;
				CLANG_WARN_OBJC_IMPLICIT_RETAIN_SELF = YES;
				CLANG_WARN_OBJC_LITERAL_CONVERSION = YES;
				CLANG_WARN_OBJC_ROOT_CLASS = YES_ERROR;
				CLANG_WARN_QUOTED_INCLUDE_IN_FRAMEWORK_HEADER = YES;
				CLANG_WARN_RANGE_LOOP_ANALYSIS = YES;
				CLANG_WARN_STRICT_PROTOTYPES = YES;
				CLANG_WARN_SUSPICIOUS_MOVE = YES;
				CLANG_WARN_UNGUARDED_AVAILABILITY = YES_AGGRESSIVE;
				CLANG_WARN_UNREACHABLE_CODE = YES;
				CLANG_WARN__DUPLICATE_METHOD_MATCH = YES;
				COPY_PHASE_STRIP = NO;
				DEBUG_INFORMATION_FORMAT = "dwarf-with-dsym";
				ENABLE_NS_ASSERTIONS = NO;
				ENABLE_STRICT_OBJC_MSGSEND = YES;
				GCC_C_LANGUAGE_STANDARD = gnu11;
				GCC_NO_COMMON_BLOCKS = YES;
				GCC_WARN_64_TO_32_BIT_CONVERSION = YES;
				GCC_WARN_ABOUT_RETURN_TYPE = YES_ERROR;
				GCC_WARN_UNDECLARED_SELECTOR = YES;
				GCC_WARN_UNINITIALIZED_AUTOS = YES_AGGRESSIVE;
				GCC_WARN_UNUSED_FUNCTION = YES;
				GCC_WARN_UNUSED_VARIABLE = YES;
				IPHONEOS_DEPLOYMENT_TARGET = 16.2;
				MTL_ENABLE_DEBUG_INFO = NO;
				MTL_FAST_MATH = YES;
				SDKROOT = iphoneos;
				SWIFT_COMPILATION_MODE = wholemodule;
				SWIFT_OPTIMIZATION_LEVEL = "-O";
				VALIDATE_PRODUCT = YES;
			};
			name = Release;
		};
		AF561BF829AFE4BF000EF400 /* Debug */ = {
			isa = XCBuildConfiguration;
			buildSettings = {
				ASSETCATALOG_COMPILER_APPICON_NAME = AppIcon;
				ASSETCATALOG_COMPILER_GLOBAL_ACCENT_COLOR_NAME = AccentColor;
				CODE_SIGN_STYLE = Automatic;
				CURRENT_PROJECT_VERSION = 1;
				GENERATE_INFOPLIST_FILE = YES;
				INFOPLIST_FILE = "BYOA-V.2/SupportingFiles/Info.plist";
				INFOPLIST_KEY_UIApplicationSupportsIndirectInputEvents = YES;
				INFOPLIST_KEY_UILaunchStoryboardName = LaunchScreen;
				INFOPLIST_KEY_UIMainStoryboardFile = Main;
				INFOPLIST_KEY_UISupportedInterfaceOrientations_iPad = "UIInterfaceOrientationPortrait UIInterfaceOrientationPortraitUpsideDown UIInterfaceOrientationLandscapeLeft UIInterfaceOrientationLandscapeRight";
				INFOPLIST_KEY_UISupportedInterfaceOrientations_iPhone = "UIInterfaceOrientationPortrait UIInterfaceOrientationLandscapeLeft UIInterfaceOrientationLandscapeRight";
				LD_RUNPATH_SEARCH_PATHS = (
					"$(inherited)",
					"@executable_path/Frameworks",
				);
				MARKETING_VERSION = 1.0;
				PRODUCT_BUNDLE_IDENTIFIER = "BlakHawk-Productions.BYOA-V-2";
				PRODUCT_NAME = "$(TARGET_NAME)";
				SWIFT_EMIT_LOC_STRINGS = YES;
				SWIFT_VERSION = 5.0;
				TARGETED_DEVICE_FAMILY = "1,2";
			};
			name = Debug;
		};
		AF561BF929AFE4BF000EF400 /* Release */ = {
			isa = XCBuildConfiguration;
			buildSettings = {
				ASSETCATALOG_COMPILER_APPICON_NAME = AppIcon;
				ASSETCATALOG_COMPILER_GLOBAL_ACCENT_COLOR_NAME = AccentColor;
				CODE_SIGN_STYLE = Automatic;
				CURRENT_PROJECT_VERSION = 1;
				GENERATE_INFOPLIST_FILE = YES;
				INFOPLIST_FILE = "BYOA-V.2/SupportingFiles/Info.plist";
				INFOPLIST_KEY_UIApplicationSupportsIndirectInputEvents = YES;
				INFOPLIST_KEY_UILaunchStoryboardName = LaunchScreen;
				INFOPLIST_KEY_UIMainStoryboardFile = Main;
				INFOPLIST_KEY_UISupportedInterfaceOrientations_iPad = "UIInterfaceOrientationPortrait UIInterfaceOrientationPortraitUpsideDown UIInterfaceOrientationLandscapeLeft UIInterfaceOrientationLandscapeRight";
				INFOPLIST_KEY_UISupportedInterfaceOrientations_iPhone = "UIInterfaceOrientationPortrait UIInterfaceOrientationLandscapeLeft UIInterfaceOrientationLandscapeRight";
				LD_RUNPATH_SEARCH_PATHS = (
					"$(inherited)",
					"@executable_path/Frameworks",
				);
				MARKETING_VERSION = 1.0;
				PRODUCT_BUNDLE_IDENTIFIER = "BlakHawk-Productions.BYOA-V-2";
				PRODUCT_NAME = "$(TARGET_NAME)";
				SWIFT_EMIT_LOC_STRINGS = YES;
				SWIFT_VERSION = 5.0;
				TARGETED_DEVICE_FAMILY = "1,2";
			};
			name = Release;
		};
/* End XCBuildConfiguration section */

/* Begin XCConfigurationList section */
		AF561BDE29AFE4BE000EF400 /* Build configuration list for PBXProject "BYOA-V.2" */ = {
			isa = XCConfigurationList;
			buildConfigurations = (
				AF561BF529AFE4BF000EF400 /* Debug */,
				AF561BF629AFE4BF000EF400 /* Release */,
			);
			defaultConfigurationIsVisible = 0;
			defaultConfigurationName = Release;
		};
		AF561BF729AFE4BF000EF400 /* Build configuration list for PBXNativeTarget "BYOA-V.2" */ = {
			isa = XCConfigurationList;
			buildConfigurations = (
				AF561BF829AFE4BF000EF400 /* Debug */,
				AF561BF929AFE4BF000EF400 /* Release */,
			);
			defaultConfigurationIsVisible = 0;
			defaultConfigurationName = Release;
		};
/* End XCConfigurationList section */
	};
	rootObject = AF561BDB29AFE4BE000EF400 /* Project object */;
}
